schema: '2.0'
stages:
  clean_data:
    cmd: python starter/clean_data.py
    deps:
    - path: data/census.csv
      md5: ae556b32faeed0149dff5f60eeef0705
      size: 3974473
    - path: starter/clean_data.py
      md5: 6e4f46b9abc6bc9f15f291427033d6e7
      size: 433
    outs:
    - path: data/census_clean.csv
      md5: 337ed2e17328762e2c585fc2eab37a7b
      size: 3298039
  train:
    cmd: python starter/train_model.py
    deps:
    - path: data/census_clean.csv
      md5: 337ed2e17328762e2c585fc2eab37a7b
      size: 3298039
    - path: starter/train_model.py
      md5: 992c45634a10ab4448792b18fb5e7c76
      size: 2115
    outs:
    - path: model/trained_adaboost_model.pkl
      md5: e62db3d43d706126d42088b3992e6c84
      size: 11909523
